{
  "pins" : [
    {
      "identity" : "libwebp-xcode",
      "kind" : "remoteSourceControl",
      "location" : "https://github.com/SDWebImage/libwebp-Xcode",
      "state" : {
        "revision" : "0d60654eeefd5d7d2bef3835804892c40225e8b2",
        "version" : "1.5.0"
      }
    },
    {
      "identity" : "yycache",
      "kind" : "remoteSourceControl",
      "location" : "https://github.com/Asura19/YYCache.git",
      "state" : {
        "revision" : "57deadf012b5958593579e14bb6a1693c01a1910",
        "version" : "1.0.5"
      }
    },
    {
      "identity" : "yyimage",
      "kind" : "remoteSourceControl",
      "location" : "https://github.com/Asura19/YYImage.git",
      "state" : {
        "branch" : "webp",
        "revision" : "609440f90555f59cd4c209ee4a0d1217dfea240f"
      }
    }
  ],
  "version" : 2
}
